
Microsoft Visual Studio Solution File, Format Version 11.00
# Visual Studio 2010
Project("{FAE04EC0-301F-11D3-BF4B-00C04F79EFBC}") = "Assembly-CSharp", "Assembly-CSharp.csproj", "{8AAB9412-8709-E080-EB92-E5A92046DCDA}"
EndProject
Global
	GlobalSection(SolutionConfigurationPlatforms) = preSolution
		Debug|Any CPU = Debug|Any CPU
		Release|Any CPU = Release|Any CPU
	EndGlobalSection
	GlobalSection(ProjectConfigurationPlatforms) = postSolution
		{8AAB9412-8709-E080-EB92-E5A92046DCDA}.Debug|Any CPU.ActiveCfg = Debug|Any CPU
		{8AAB9412-8709-E080-EB92-E5A92046DCDA}.Debug|Any CPU.Build.0 = Debug|Any CPU
		{8AAB9412-8709-E080-EB92-E5A92046DCDA}.Release|Any CPU.ActiveCfg = Release|Any CPU
		{8AAB9412-8709-E080-EB92-E5A92046DCDA}.Release|Any CPU.Build.0 = Release|Any CPU
	EndGlobalSection
	GlobalSection(SolutionProperties) = preSolution
		HideSolutionNode = FALSE
	EndGlobalSection
	GlobalSection(MonoDevelopProperties) = preSolution
		StartupItem = Assembly-CSharp.csproj
	EndGlobalSection
EndGlobal
